
Microsoft Visual Studio Solution File, Format Version 12.00
# Visual Studio Version 17
VisualStudioVersion = 17.5.33414.496
MinimumVisualStudioVersion = 10.0.40219.1
Project("{9A19103F-16F7-4668-BE54-9A1E7A4F7556}") = "WinFormsApp1", "WinFormsApp1\WinFormsApp1.csproj", "{051DB3F8-1038-4613-B5F9-B39C4B65F474}"
EndProject
Project("{FAE04EC0-301F-11D3-BF4B-00C04F79EFBC}") = "WinFormsApp1Tests", "WinFormsApp1Tests\WinFormsApp1Tests.csproj", "{0C70C083-3869-4A57-8E39-297D3E829F01}"
EndProject
Global
	GlobalSection(SolutionConfigurationPlatforms) = preSolution
		Debug|Any CPU = Debug|Any CPU
		Release|Any CPU = Release|Any CPU
	EndGlobalSection
	GlobalSection(ProjectConfigurationPlatforms) = postSolution
		{051DB3F8-1038-4613-B5F9-B39C4B65F474}.Debug|Any CPU.ActiveCfg = Debug|Any CPU
		{051DB3F8-1038-4613-B5F9-B39C4B65F474}.Debug|Any CPU.Build.0 = Debug|Any CPU
		{051DB3F8-1038-4613-B5F9-B39C4B65F474}.Release|Any CPU.ActiveCfg = Release|Any CPU
		{051DB3F8-1038-4613-B5F9-B39C4B65F474}.Release|Any CPU.Build.0 = Release|Any CPU
		{0C70C083-3869-4A57-8E39-297D3E829F01}.Debug|Any CPU.ActiveCfg = Debug|Any CPU
		{0C70C083-3869-4A57-8E39-297D3E829F01}.Debug|Any CPU.Build.0 = Debug|Any CPU
		{0C70C083-3869-4A57-8E39-297D3E829F01}.Release|Any CPU.ActiveCfg = Release|Any CPU
		{0C70C083-3869-4A57-8E39-297D3E829F01}.Release|Any CPU.Build.0 = Release|Any CPU
	EndGlobalSection
	GlobalSection(SolutionProperties) = preSolution
		HideSolutionNode = FALSE
	EndGlobalSection
	GlobalSection(ExtensibilityGlobals) = postSolution
		SolutionGuid = {166B96CA-60B1-4919-B6D2-05483E456644}
	EndGlobalSection
EndGlobal
